
Microsoft Visual Studio Solution File, Format Version 12.00
# Visual Studio 14
VisualStudioVersion = 14.0.25420.1
MinimumVisualStudioVersion = 10.0.40219.1
Project("{FAE04EC0-301F-11D3-BF4B-00C04F79EFBC}") = "TrocaDeValores", "TrocaDeValores\TrocaDeValores.csproj", "{7DC1FD49-F3ED-4A4F-A731-99FC2E0C6D09}"
EndProject
Project("{FAE04EC0-301F-11D3-BF4B-00C04F79EFBC}") = "RestoDivisao", "RestoDivisao\RestoDivisao.csproj", "{2A1B186B-E29C-4C65-A55B-765E3171137B}"
EndProject
Project("{FAE04EC0-301F-11D3-BF4B-00C04F79EFBC}") = "GastoRestaurante", "GastoRestaurante\GastoRestaurante.csproj", "{B6E3CBAE-781C-4FA4-9428-EB0ABF19DD50}"
EndProject
Global
	GlobalSection(SolutionConfigurationPlatforms) = preSolution
		Debug|Any CPU = Debug|Any CPU
		Release|Any CPU = Release|Any CPU
	EndGlobalSection
	GlobalSection(ProjectConfigurationPlatforms) = postSolution
		{7DC1FD49-F3ED-4A4F-A731-99FC2E0C6D09}.Debug|Any CPU.ActiveCfg = Debug|Any CPU
		{7DC1FD49-F3ED-4A4F-A731-99FC2E0C6D09}.Debug|Any CPU.Build.0 = Debug|Any CPU
		{7DC1FD49-F3ED-4A4F-A731-99FC2E0C6D09}.Release|Any CPU.ActiveCfg = Release|Any CPU
		{7DC1FD49-F3ED-4A4F-A731-99FC2E0C6D09}.Release|Any CPU.Build.0 = Release|Any CPU
		{2A1B186B-E29C-4C65-A55B-765E3171137B}.Debug|Any CPU.ActiveCfg = Debug|Any CPU
		{2A1B186B-E29C-4C65-A55B-765E3171137B}.Debug|Any CPU.Build.0 = Debug|Any CPU
		{2A1B186B-E29C-4C65-A55B-765E3171137B}.Release|Any CPU.ActiveCfg = Release|Any CPU
		{2A1B186B-E29C-4C65-A55B-765E3171137B}.Release|Any CPU.Build.0 = Release|Any CPU
		{B6E3CBAE-781C-4FA4-9428-EB0ABF19DD50}.Debug|Any CPU.ActiveCfg = Debug|Any CPU
		{B6E3CBAE-781C-4FA4-9428-EB0ABF19DD50}.Debug|Any CPU.Build.0 = Debug|Any CPU
		{B6E3CBAE-781C-4FA4-9428-EB0ABF19DD50}.Release|Any CPU.ActiveCfg = Release|Any CPU
		{B6E3CBAE-781C-4FA4-9428-EB0ABF19DD50}.Release|Any CPU.Build.0 = Release|Any CPU
	EndGlobalSection
	GlobalSection(SolutionProperties) = preSolution
		HideSolutionNode = FALSE
	EndGlobalSection
EndGlobal
